
Microsoft Visual Studio Solution File, Format Version 12.00
# Visual Studio 15
VisualStudioVersion = 15.0.28307.1300
MinimumVisualStudioVersion = 10.0.40219.1
Project("{FAE04EC0-301F-11D3-BF4B-00C04F79EFBC}") = "Potato", "Potato\Potato.csproj", "{C7C67291-D58C-42E0-8610-04D055447245}"
EndProject
Global
	GlobalSection(SolutionConfigurationPlatforms) = preSolution
		Debug|Any CPU = Debug|Any CPU
		Release|Any CPU = Release|Any CPU
	EndGlobalSection
	GlobalSection(ProjectConfigurationPlatforms) = postSolution
		{C7C67291-D58C-42E0-8610-04D055447245}.Debug|Any CPU.ActiveCfg = Debug|Any CPU
		{C7C67291-D58C-42E0-8610-04D055447245}.Debug|Any CPU.Build.0 = Debug|Any CPU
		{C7C67291-D58C-42E0-8610-04D055447245}.Release|Any CPU.ActiveCfg = Release|Any CPU
		{C7C67291-D58C-42E0-8610-04D055447245}.Release|Any CPU.Build.0 = Release|Any CPU
	EndGlobalSection
	GlobalSection(SolutionProperties) = preSolution
		HideSolutionNode = FALSE
	EndGlobalSection
	GlobalSection(ExtensibilityGlobals) = postSolution
		SolutionGuid = {E2EEE6F3-4263-4132-A803-22A7242EB623}
	EndGlobalSection
EndGlobal
